
Microsoft Visual Studio Solution File, Format Version 12.00
# Visual Studio Version 17
VisualStudioVersion = 17.5.002.0
MinimumVisualStudioVersion = 10.0.40219.1
Project("{2150E333-8FDC-42A3-9474-1A3956D46DE8}") = "Lesson1", "Lesson1", "{51FF3A73-68BD-4A56-A022-9534E2903C03}"
EndProject
Project("{9A19103F-16F7-4668-BE54-9A1E7A4F7556}") = "Task1", "Lesson1\Task1\Task1.csproj", "{721F90F3-F22F-4DE8-9510-30CC285FE2A8}"
EndProject
Project("{2150E333-8FDC-42A3-9474-1A3956D46DE8}") = "C#", "C#", "{BC460DB6-935B-4BEE-867F-1118F7271743}"
EndProject
Project("{2150E333-8FDC-42A3-9474-1A3956D46DE8}") = "Lesson4", "Lesson4", "{57B34293-7BEE-40C9-A284-7C9910E4BAD9}"
EndProject
Project("{9A19103F-16F7-4668-BE54-9A1E7A4F7556}") = "Task1", "C#\Lesson4\Task1\Task1.csproj", "{9D79884D-4D8A-42E0-8FE8-80872D6705F0}"
EndProject
Project("{9A19103F-16F7-4668-BE54-9A1E7A4F7556}") = "Task3", "C#\Lesson4\Task3\Task3.csproj", "{EEF588BD-C833-4C04-B4E6-ECC10F344DA2}"
EndProject
Project("{9A19103F-16F7-4668-BE54-9A1E7A4F7556}") = "Task2", "C#\Lesson4\Task2\Task2.csproj", "{83565353-8E58-4446-B050-0CD42A088863}"
EndProject
Project("{2150E333-8FDC-42A3-9474-1A3956D46DE8}") = "Lesson2", "Lesson2", "{F0BDBF7D-F288-4E9B-9D3D-9F6000EB9DC9}"
EndProject
Project("{9A19103F-16F7-4668-BE54-9A1E7A4F7556}") = "Task1", "C#\Lesson2\Task1\Task1.csproj", "{F7148822-68F0-42B3-B24B-6BFA103F1359}"
EndProject
Project("{9A19103F-16F7-4668-BE54-9A1E7A4F7556}") = "Task3", "C#\Lesson2\Task3\Task3.csproj", "{F917F6F0-186F-4657-898D-8525CF1B7C03}"
EndProject
Project("{9A19103F-16F7-4668-BE54-9A1E7A4F7556}") = "Task4", "C#\Lesson2\Task4\Task4.csproj", "{ABA42909-35DD-4C21-8D0E-EC4B468154C3}"
EndProject
Project("{9A19103F-16F7-4668-BE54-9A1E7A4F7556}") = "Task2", "C#\Lesson2\Task2\Task2.csproj", "{8B7D03BF-2C09-4620-9F7F-CE0BF49AF742}"
EndProject
Project("{2150E333-8FDC-42A3-9474-1A3956D46DE8}") = "Lesson7", "Lesson7", "{F7AC1B1B-FE2B-4338-BFDB-1483C548FAA6}"
EndProject
Project("{9A19103F-16F7-4668-BE54-9A1E7A4F7556}") = "Task1", "C#\Lesson7\Task1\Task1.csproj", "{1A4EE3C6-A950-4CC0-ACDA-0C9E737FABC7}"
EndProject
Project("{9A19103F-16F7-4668-BE54-9A1E7A4F7556}") = "Task3", "C#\Lesson7\Task3\Task3.csproj", "{298D51F2-8FB5-406A-885C-CDBDD1435C0D}"
EndProject
Project("{9A19103F-16F7-4668-BE54-9A1E7A4F7556}") = "Task2", "C#\Lesson7\Task2\Task2.csproj", "{4F7CDBC2-A566-4051-8022-8C8BC30208EE}"
EndProject
Project("{2150E333-8FDC-42A3-9474-1A3956D46DE8}") = "Lesson6", "Lesson6", "{77A8ECBF-C4BB-4B16-ACA7-8A1D373C152A}"
EndProject
Project("{9A19103F-16F7-4668-BE54-9A1E7A4F7556}") = "Task1", "C#\Lesson6\Task1\Task1.csproj", "{06A40583-B872-4658-88F2-10E955C4695A}"
EndProject
Project("{9A19103F-16F7-4668-BE54-9A1E7A4F7556}") = "Task3", "C#\Lesson6\Task3\Task3.csproj", "{96374BC2-F1FB-48B2-9C1E-A7B3ED21F1EA}"
EndProject
Project("{9A19103F-16F7-4668-BE54-9A1E7A4F7556}") = "Task4", "C#\Lesson6\Task4\Task4.csproj", "{8FED570A-3CA2-46C1-B31A-2BC9B206990E}"
EndProject
Project("{9A19103F-16F7-4668-BE54-9A1E7A4F7556}") = "Task2", "C#\Lesson6\Task2\Task2.csproj", "{0BCFCBFA-BFC0-455F-8C6F-95DEFB98C40D}"
EndProject
Global
	GlobalSection(SolutionConfigurationPlatforms) = preSolution
		Debug|Any CPU = Debug|Any CPU
		Release|Any CPU = Release|Any CPU
	EndGlobalSection
	GlobalSection(ProjectConfigurationPlatforms) = postSolution
		{721F90F3-F22F-4DE8-9510-30CC285FE2A8}.Debug|Any CPU.ActiveCfg = Debug|Any CPU
		{721F90F3-F22F-4DE8-9510-30CC285FE2A8}.Debug|Any CPU.Build.0 = Debug|Any CPU
		{721F90F3-F22F-4DE8-9510-30CC285FE2A8}.Release|Any CPU.ActiveCfg = Release|Any CPU
		{721F90F3-F22F-4DE8-9510-30CC285FE2A8}.Release|Any CPU.Build.0 = Release|Any CPU
		{9D79884D-4D8A-42E0-8FE8-80872D6705F0}.Debug|Any CPU.ActiveCfg = Debug|Any CPU
		{9D79884D-4D8A-42E0-8FE8-80872D6705F0}.Debug|Any CPU.Build.0 = Debug|Any CPU
		{9D79884D-4D8A-42E0-8FE8-80872D6705F0}.Release|Any CPU.ActiveCfg = Release|Any CPU
		{9D79884D-4D8A-42E0-8FE8-80872D6705F0}.Release|Any CPU.Build.0 = Release|Any CPU
		{EEF588BD-C833-4C04-B4E6-ECC10F344DA2}.Debug|Any CPU.ActiveCfg = Debug|Any CPU
		{EEF588BD-C833-4C04-B4E6-ECC10F344DA2}.Debug|Any CPU.Build.0 = Debug|Any CPU
		{EEF588BD-C833-4C04-B4E6-ECC10F344DA2}.Release|Any CPU.ActiveCfg = Release|Any CPU
		{EEF588BD-C833-4C04-B4E6-ECC10F344DA2}.Release|Any CPU.Build.0 = Release|Any CPU
		{83565353-8E58-4446-B050-0CD42A088863}.Debug|Any CPU.ActiveCfg = Debug|Any CPU
		{83565353-8E58-4446-B050-0CD42A088863}.Debug|Any CPU.Build.0 = Debug|Any CPU
		{83565353-8E58-4446-B050-0CD42A088863}.Release|Any CPU.ActiveCfg = Release|Any CPU
		{83565353-8E58-4446-B050-0CD42A088863}.Release|Any CPU.Build.0 = Release|Any CPU
		{F7148822-68F0-42B3-B24B-6BFA103F1359}.Debug|Any CPU.ActiveCfg = Debug|Any CPU
		{F7148822-68F0-42B3-B24B-6BFA103F1359}.Debug|Any CPU.Build.0 = Debug|Any CPU
		{F7148822-68F0-42B3-B24B-6BFA103F1359}.Release|Any CPU.ActiveCfg = Release|Any CPU
		{F7148822-68F0-42B3-B24B-6BFA103F1359}.Release|Any CPU.Build.0 = Release|Any CPU
		{F917F6F0-186F-4657-898D-8525CF1B7C03}.Debug|Any CPU.ActiveCfg = Debug|Any CPU
		{F917F6F0-186F-4657-898D-8525CF1B7C03}.Debug|Any CPU.Build.0 = Debug|Any CPU
		{F917F6F0-186F-4657-898D-8525CF1B7C03}.Release|Any CPU.ActiveCfg = Release|Any CPU
		{F917F6F0-186F-4657-898D-8525CF1B7C03}.Release|Any CPU.Build.0 = Release|Any CPU
		{ABA42909-35DD-4C21-8D0E-EC4B468154C3}.Debug|Any CPU.ActiveCfg = Debug|Any CPU
		{ABA42909-35DD-4C21-8D0E-EC4B468154C3}.Debug|Any CPU.Build.0 = Debug|Any CPU
		{ABA42909-35DD-4C21-8D0E-EC4B468154C3}.Release|Any CPU.ActiveCfg = Release|Any CPU
		{ABA42909-35DD-4C21-8D0E-EC4B468154C3}.Release|Any CPU.Build.0 = Release|Any CPU
		{8B7D03BF-2C09-4620-9F7F-CE0BF49AF742}.Debug|Any CPU.ActiveCfg = Debug|Any CPU
		{8B7D03BF-2C09-4620-9F7F-CE0BF49AF742}.Debug|Any CPU.Build.0 = Debug|Any CPU
		{8B7D03BF-2C09-4620-9F7F-CE0BF49AF742}.Release|Any CPU.ActiveCfg = Release|Any CPU
		{8B7D03BF-2C09-4620-9F7F-CE0BF49AF742}.Release|Any CPU.Build.0 = Release|Any CPU
		{1A4EE3C6-A950-4CC0-ACDA-0C9E737FABC7}.Debug|Any CPU.ActiveCfg = Debug|Any CPU
		{1A4EE3C6-A950-4CC0-ACDA-0C9E737FABC7}.Debug|Any CPU.Build.0 = Debug|Any CPU
		{1A4EE3C6-A950-4CC0-ACDA-0C9E737FABC7}.Release|Any CPU.ActiveCfg = Release|Any CPU
		{1A4EE3C6-A950-4CC0-ACDA-0C9E737FABC7}.Release|Any CPU.Build.0 = Release|Any CPU
		{298D51F2-8FB5-406A-885C-CDBDD1435C0D}.Debug|Any CPU.ActiveCfg = Debug|Any CPU
		{298D51F2-8FB5-406A-885C-CDBDD1435C0D}.Debug|Any CPU.Build.0 = Debug|Any CPU
		{298D51F2-8FB5-406A-885C-CDBDD1435C0D}.Release|Any CPU.ActiveCfg = Release|Any CPU
		{298D51F2-8FB5-406A-885C-CDBDD1435C0D}.Release|Any CPU.Build.0 = Release|Any CPU
		{4F7CDBC2-A566-4051-8022-8C8BC30208EE}.Debug|Any CPU.ActiveCfg = Debug|Any CPU
		{4F7CDBC2-A566-4051-8022-8C8BC30208EE}.Debug|Any CPU.Build.0 = Debug|Any CPU
		{4F7CDBC2-A566-4051-8022-8C8BC30208EE}.Release|Any CPU.ActiveCfg = Release|Any CPU
		{4F7CDBC2-A566-4051-8022-8C8BC30208EE}.Release|Any CPU.Build.0 = Release|Any CPU
		{06A40583-B872-4658-88F2-10E955C4695A}.Debug|Any CPU.ActiveCfg = Debug|Any CPU
		{06A40583-B872-4658-88F2-10E955C4695A}.Debug|Any CPU.Build.0 = Debug|Any CPU
		{06A40583-B872-4658-88F2-10E955C4695A}.Release|Any CPU.ActiveCfg = Release|Any CPU
		{06A40583-B872-4658-88F2-10E955C4695A}.Release|Any CPU.Build.0 = Release|Any CPU
		{96374BC2-F1FB-48B2-9C1E-A7B3ED21F1EA}.Debug|Any CPU.ActiveCfg = Debug|Any CPU
		{96374BC2-F1FB-48B2-9C1E-A7B3ED21F1EA}.Debug|Any CPU.Build.0 = Debug|Any CPU
		{96374BC2-F1FB-48B2-9C1E-A7B3ED21F1EA}.Release|Any CPU.ActiveCfg = Release|Any CPU
		{96374BC2-F1FB-48B2-9C1E-A7B3ED21F1EA}.Release|Any CPU.Build.0 = Release|Any CPU
		{8FED570A-3CA2-46C1-B31A-2BC9B206990E}.Debug|Any CPU.ActiveCfg = Debug|Any CPU
		{8FED570A-3CA2-46C1-B31A-2BC9B206990E}.Debug|Any CPU.Build.0 = Debug|Any CPU
		{8FED570A-3CA2-46C1-B31A-2BC9B206990E}.Release|Any CPU.ActiveCfg = Release|Any CPU
		{8FED570A-3CA2-46C1-B31A-2BC9B206990E}.Release|Any CPU.Build.0 = Release|Any CPU
		{0BCFCBFA-BFC0-455F-8C6F-95DEFB98C40D}.Debug|Any CPU.ActiveCfg = Debug|Any CPU
		{0BCFCBFA-BFC0-455F-8C6F-95DEFB98C40D}.Debug|Any CPU.Build.0 = Debug|Any CPU
		{0BCFCBFA-BFC0-455F-8C6F-95DEFB98C40D}.Release|Any CPU.ActiveCfg = Release|Any CPU
		{0BCFCBFA-BFC0-455F-8C6F-95DEFB98C40D}.Release|Any CPU.Build.0 = Release|Any CPU
	EndGlobalSection
	GlobalSection(SolutionProperties) = preSolution
		HideSolutionNode = FALSE
	EndGlobalSection
	GlobalSection(NestedProjects) = preSolution
		{721F90F3-F22F-4DE8-9510-30CC285FE2A8} = {51FF3A73-68BD-4A56-A022-9534E2903C03}
		{57B34293-7BEE-40C9-A284-7C9910E4BAD9} = {BC460DB6-935B-4BEE-867F-1118F7271743}
		{9D79884D-4D8A-42E0-8FE8-80872D6705F0} = {57B34293-7BEE-40C9-A284-7C9910E4BAD9}
		{EEF588BD-C833-4C04-B4E6-ECC10F344DA2} = {57B34293-7BEE-40C9-A284-7C9910E4BAD9}
		{83565353-8E58-4446-B050-0CD42A088863} = {57B34293-7BEE-40C9-A284-7C9910E4BAD9}
		{F0BDBF7D-F288-4E9B-9D3D-9F6000EB9DC9} = {BC460DB6-935B-4BEE-867F-1118F7271743}
		{F7148822-68F0-42B3-B24B-6BFA103F1359} = {F0BDBF7D-F288-4E9B-9D3D-9F6000EB9DC9}
		{F917F6F0-186F-4657-898D-8525CF1B7C03} = {F0BDBF7D-F288-4E9B-9D3D-9F6000EB9DC9}
		{ABA42909-35DD-4C21-8D0E-EC4B468154C3} = {F0BDBF7D-F288-4E9B-9D3D-9F6000EB9DC9}
		{8B7D03BF-2C09-4620-9F7F-CE0BF49AF742} = {F0BDBF7D-F288-4E9B-9D3D-9F6000EB9DC9}
		{F7AC1B1B-FE2B-4338-BFDB-1483C548FAA6} = {BC460DB6-935B-4BEE-867F-1118F7271743}
		{1A4EE3C6-A950-4CC0-ACDA-0C9E737FABC7} = {F7AC1B1B-FE2B-4338-BFDB-1483C548FAA6}
		{298D51F2-8FB5-406A-885C-CDBDD1435C0D} = {F7AC1B1B-FE2B-4338-BFDB-1483C548FAA6}
		{4F7CDBC2-A566-4051-8022-8C8BC30208EE} = {F7AC1B1B-FE2B-4338-BFDB-1483C548FAA6}
		{77A8ECBF-C4BB-4B16-ACA7-8A1D373C152A} = {BC460DB6-935B-4BEE-867F-1118F7271743}
		{06A40583-B872-4658-88F2-10E955C4695A} = {77A8ECBF-C4BB-4B16-ACA7-8A1D373C152A}
		{96374BC2-F1FB-48B2-9C1E-A7B3ED21F1EA} = {77A8ECBF-C4BB-4B16-ACA7-8A1D373C152A}
		{8FED570A-3CA2-46C1-B31A-2BC9B206990E} = {77A8ECBF-C4BB-4B16-ACA7-8A1D373C152A}
		{0BCFCBFA-BFC0-455F-8C6F-95DEFB98C40D} = {77A8ECBF-C4BB-4B16-ACA7-8A1D373C152A}
	EndGlobalSection
	GlobalSection(ExtensibilityGlobals) = postSolution
		SolutionGuid = {891C4C91-022F-45E6-9B34-849E262CAC54}
	EndGlobalSection
EndGlobal
